
Microsoft Visual Studio Solution File, Format Version 12.00
# Visual Studio 2013
VisualStudioVersion = 12.0.21005.1
MinimumVisualStudioVersion = 10.0.40219.1
Project("{FAE04EC0-301F-11D3-BF4B-00C04F79EFBC}") = "AbstractClasses", "AbstractClasses\AbstractClasses.csproj", "{4AFE6241-647C-4DF5-A72A-4E96CD46E974}"
EndProject
Project("{FAE04EC0-301F-11D3-BF4B-00C04F79EFBC}") = "NestedClasses", "NestedClasses\NestedClasses.csproj", "{DF947311-C8AD-4150-943A-4D64D6E47310}"
EndProject
Project("{FAE04EC0-301F-11D3-BF4B-00C04F79EFBC}") = "AnonimTypes", "AnonimTypes\AnonimTypes.csproj", "{12DB789F-8ED1-48C4-A8E5-21F4CE7599D6}"
EndProject
Project("{FAE04EC0-301F-11D3-BF4B-00C04F79EFBC}") = "MethodsThroughDelegates", "MethodsThroughDelegates\MethodsThroughDelegates.csproj", "{37C05550-7713-426E-AC04-621527791C0C}"
EndProject
Project("{FAE04EC0-301F-11D3-BF4B-00C04F79EFBC}") = "Metadata", "Metadata\Metadata.csproj", "{1DE15429-9920-4498-9AC4-DB7B4BD4726B}"
EndProject
Project("{FAE04EC0-301F-11D3-BF4B-00C04F79EFBC}") = "SelfMade", "SelfMade\SelfMade.csproj", "{B49C0A0E-3F6E-42C0-AD69-86DD4806BCEE}"
EndProject
Project("{FAE04EC0-301F-11D3-BF4B-00C04F79EFBC}") = "ExternalAssemblyReflector", "ExternalAssemblyReflector\ExternalAssemblyReflector.csproj", "{633F0268-78EE-46F6-9CBE-28EFB08987D3}"
EndProject
Project("{FAE04EC0-301F-11D3-BF4B-00C04F79EFBC}") = "LateBinding", "LateBinding\LateBinding.csproj", "{639654A3-86D3-415D-B8A1-700CD0CA636C}"
EndProject
Project("{FAE04EC0-301F-11D3-BF4B-00C04F79EFBC}") = "CarLibrary", "CarLibrary\CarLibrary.csproj", "{CA72F8F5-799C-4439-9E99-4F8292B51A17}"
EndProject
Global
	GlobalSection(SolutionConfigurationPlatforms) = preSolution
		Debug|Any CPU = Debug|Any CPU
		Release|Any CPU = Release|Any CPU
	EndGlobalSection
	GlobalSection(ProjectConfigurationPlatforms) = postSolution
		{4AFE6241-647C-4DF5-A72A-4E96CD46E974}.Debug|Any CPU.ActiveCfg = Debug|Any CPU
		{4AFE6241-647C-4DF5-A72A-4E96CD46E974}.Debug|Any CPU.Build.0 = Debug|Any CPU
		{4AFE6241-647C-4DF5-A72A-4E96CD46E974}.Release|Any CPU.ActiveCfg = Release|Any CPU
		{4AFE6241-647C-4DF5-A72A-4E96CD46E974}.Release|Any CPU.Build.0 = Release|Any CPU
		{DF947311-C8AD-4150-943A-4D64D6E47310}.Debug|Any CPU.ActiveCfg = Debug|Any CPU
		{DF947311-C8AD-4150-943A-4D64D6E47310}.Debug|Any CPU.Build.0 = Debug|Any CPU
		{DF947311-C8AD-4150-943A-4D64D6E47310}.Release|Any CPU.ActiveCfg = Release|Any CPU
		{DF947311-C8AD-4150-943A-4D64D6E47310}.Release|Any CPU.Build.0 = Release|Any CPU
		{12DB789F-8ED1-48C4-A8E5-21F4CE7599D6}.Debug|Any CPU.ActiveCfg = Debug|Any CPU
		{12DB789F-8ED1-48C4-A8E5-21F4CE7599D6}.Debug|Any CPU.Build.0 = Debug|Any CPU
		{12DB789F-8ED1-48C4-A8E5-21F4CE7599D6}.Release|Any CPU.ActiveCfg = Release|Any CPU
		{12DB789F-8ED1-48C4-A8E5-21F4CE7599D6}.Release|Any CPU.Build.0 = Release|Any CPU
		{37C05550-7713-426E-AC04-621527791C0C}.Debug|Any CPU.ActiveCfg = Debug|Any CPU
		{37C05550-7713-426E-AC04-621527791C0C}.Debug|Any CPU.Build.0 = Debug|Any CPU
		{37C05550-7713-426E-AC04-621527791C0C}.Release|Any CPU.ActiveCfg = Release|Any CPU
		{37C05550-7713-426E-AC04-621527791C0C}.Release|Any CPU.Build.0 = Release|Any CPU
		{1DE15429-9920-4498-9AC4-DB7B4BD4726B}.Debug|Any CPU.ActiveCfg = Debug|Any CPU
		{1DE15429-9920-4498-9AC4-DB7B4BD4726B}.Debug|Any CPU.Build.0 = Debug|Any CPU
		{1DE15429-9920-4498-9AC4-DB7B4BD4726B}.Release|Any CPU.ActiveCfg = Release|Any CPU
		{1DE15429-9920-4498-9AC4-DB7B4BD4726B}.Release|Any CPU.Build.0 = Release|Any CPU
		{B49C0A0E-3F6E-42C0-AD69-86DD4806BCEE}.Debug|Any CPU.ActiveCfg = Debug|Any CPU
		{B49C0A0E-3F6E-42C0-AD69-86DD4806BCEE}.Debug|Any CPU.Build.0 = Debug|Any CPU
		{B49C0A0E-3F6E-42C0-AD69-86DD4806BCEE}.Release|Any CPU.ActiveCfg = Release|Any CPU
		{B49C0A0E-3F6E-42C0-AD69-86DD4806BCEE}.Release|Any CPU.Build.0 = Release|Any CPU
		{633F0268-78EE-46F6-9CBE-28EFB08987D3}.Debug|Any CPU.ActiveCfg = Debug|Any CPU
		{633F0268-78EE-46F6-9CBE-28EFB08987D3}.Debug|Any CPU.Build.0 = Debug|Any CPU
		{633F0268-78EE-46F6-9CBE-28EFB08987D3}.Release|Any CPU.ActiveCfg = Release|Any CPU
		{633F0268-78EE-46F6-9CBE-28EFB08987D3}.Release|Any CPU.Build.0 = Release|Any CPU
		{639654A3-86D3-415D-B8A1-700CD0CA636C}.Debug|Any CPU.ActiveCfg = Debug|Any CPU
		{639654A3-86D3-415D-B8A1-700CD0CA636C}.Debug|Any CPU.Build.0 = Debug|Any CPU
		{639654A3-86D3-415D-B8A1-700CD0CA636C}.Release|Any CPU.ActiveCfg = Release|Any CPU
		{639654A3-86D3-415D-B8A1-700CD0CA636C}.Release|Any CPU.Build.0 = Release|Any CPU
		{CA72F8F5-799C-4439-9E99-4F8292B51A17}.Debug|Any CPU.ActiveCfg = Debug|Any CPU
		{CA72F8F5-799C-4439-9E99-4F8292B51A17}.Debug|Any CPU.Build.0 = Debug|Any CPU
		{CA72F8F5-799C-4439-9E99-4F8292B51A17}.Release|Any CPU.ActiveCfg = Release|Any CPU
		{CA72F8F5-799C-4439-9E99-4F8292B51A17}.Release|Any CPU.Build.0 = Release|Any CPU
	EndGlobalSection
	GlobalSection(SolutionProperties) = preSolution
		HideSolutionNode = FALSE
	EndGlobalSection
EndGlobal
