
Microsoft Visual Studio Solution File, Format Version 12.00
# Visual Studio 14
VisualStudioVersion = 14.0.25420.1
MinimumVisualStudioVersion = 10.0.40219.1
Project("{FAE04EC0-301F-11D3-BF4B-00C04F79EFBC}") = "1-2-Task4_WF_VS2015", "Task4_WF_VS2015\1-2-Task4_WF_VS2015.csproj", "{14DD5056-F63A-4AE2-9E5D-A82A3ADD8BEC}"
EndProject
Project("{FAE04EC0-301F-11D3-BF4B-00C04F79EFBC}") = "3-MessageBox", "3-MessageBox\3-MessageBox.csproj", "{CF0780F5-3E1B-4FD8-8176-93636E211E44}"
EndProject
Project("{FAE04EC0-301F-11D3-BF4B-00C04F79EFBC}") = "4-Layouts (from console to WF)", "4-Layouts (from console to WF)\4-Layouts (from console to WF).csproj", "{18AF7E59-DAD4-495F-A361-52A3F4AA4E5C}"
EndProject
Project("{FAE04EC0-301F-11D3-BF4B-00C04F79EFBC}") = "5-MDI", "5-MDI\5-MDI.csproj", "{AB3850D3-568C-4C32-958C-C7EF42E5DAFF}"
EndProject
Project("{FAE04EC0-301F-11D3-BF4B-00C04F79EFBC}") = "6-ControlElements", "6-ControlElements\6-ControlElements.csproj", "{51C590BE-0F86-4C86-99EE-C021D4A84822}"
EndProject
Project("{FAE04EC0-301F-11D3-BF4B-00C04F79EFBC}") = "7-Lists", "7-Lists\7-Lists.csproj", "{0E0ADD42-888E-4378-8859-071361CFEE3E}"
EndProject
Project("{FAE04EC0-301F-11D3-BF4B-00C04F79EFBC}") = "8-ListsRendering", "8-ListsRendering\8-ListsRendering.csproj", "{FE4BFA86-945E-4EBB-98E4-1E4C66BEF6BC}"
EndProject
Project("{FAE04EC0-301F-11D3-BF4B-00C04F79EFBC}") = "9-TreeView", "9-TreeView\9-TreeView.csproj", "{C89F2149-B81F-4325-A7C0-88A69FB5DF33}"
EndProject
Global
	GlobalSection(SolutionConfigurationPlatforms) = preSolution
		Debug|Any CPU = Debug|Any CPU
		Release|Any CPU = Release|Any CPU
	EndGlobalSection
	GlobalSection(ProjectConfigurationPlatforms) = postSolution
		{14DD5056-F63A-4AE2-9E5D-A82A3ADD8BEC}.Debug|Any CPU.ActiveCfg = Debug|Any CPU
		{14DD5056-F63A-4AE2-9E5D-A82A3ADD8BEC}.Debug|Any CPU.Build.0 = Debug|Any CPU
		{14DD5056-F63A-4AE2-9E5D-A82A3ADD8BEC}.Release|Any CPU.ActiveCfg = Release|Any CPU
		{14DD5056-F63A-4AE2-9E5D-A82A3ADD8BEC}.Release|Any CPU.Build.0 = Release|Any CPU
		{CF0780F5-3E1B-4FD8-8176-93636E211E44}.Debug|Any CPU.ActiveCfg = Debug|Any CPU
		{CF0780F5-3E1B-4FD8-8176-93636E211E44}.Debug|Any CPU.Build.0 = Debug|Any CPU
		{CF0780F5-3E1B-4FD8-8176-93636E211E44}.Release|Any CPU.ActiveCfg = Release|Any CPU
		{CF0780F5-3E1B-4FD8-8176-93636E211E44}.Release|Any CPU.Build.0 = Release|Any CPU
		{18AF7E59-DAD4-495F-A361-52A3F4AA4E5C}.Debug|Any CPU.ActiveCfg = Debug|Any CPU
		{18AF7E59-DAD4-495F-A361-52A3F4AA4E5C}.Debug|Any CPU.Build.0 = Debug|Any CPU
		{18AF7E59-DAD4-495F-A361-52A3F4AA4E5C}.Release|Any CPU.ActiveCfg = Release|Any CPU
		{18AF7E59-DAD4-495F-A361-52A3F4AA4E5C}.Release|Any CPU.Build.0 = Release|Any CPU
		{AB3850D3-568C-4C32-958C-C7EF42E5DAFF}.Debug|Any CPU.ActiveCfg = Debug|Any CPU
		{AB3850D3-568C-4C32-958C-C7EF42E5DAFF}.Debug|Any CPU.Build.0 = Debug|Any CPU
		{AB3850D3-568C-4C32-958C-C7EF42E5DAFF}.Release|Any CPU.ActiveCfg = Release|Any CPU
		{AB3850D3-568C-4C32-958C-C7EF42E5DAFF}.Release|Any CPU.Build.0 = Release|Any CPU
		{51C590BE-0F86-4C86-99EE-C021D4A84822}.Debug|Any CPU.ActiveCfg = Debug|Any CPU
		{51C590BE-0F86-4C86-99EE-C021D4A84822}.Debug|Any CPU.Build.0 = Debug|Any CPU
		{51C590BE-0F86-4C86-99EE-C021D4A84822}.Release|Any CPU.ActiveCfg = Release|Any CPU
		{51C590BE-0F86-4C86-99EE-C021D4A84822}.Release|Any CPU.Build.0 = Release|Any CPU
		{0E0ADD42-888E-4378-8859-071361CFEE3E}.Debug|Any CPU.ActiveCfg = Debug|Any CPU
		{0E0ADD42-888E-4378-8859-071361CFEE3E}.Debug|Any CPU.Build.0 = Debug|Any CPU
		{0E0ADD42-888E-4378-8859-071361CFEE3E}.Release|Any CPU.ActiveCfg = Release|Any CPU
		{0E0ADD42-888E-4378-8859-071361CFEE3E}.Release|Any CPU.Build.0 = Release|Any CPU
		{FE4BFA86-945E-4EBB-98E4-1E4C66BEF6BC}.Debug|Any CPU.ActiveCfg = Debug|Any CPU
		{FE4BFA86-945E-4EBB-98E4-1E4C66BEF6BC}.Debug|Any CPU.Build.0 = Debug|Any CPU
		{FE4BFA86-945E-4EBB-98E4-1E4C66BEF6BC}.Release|Any CPU.ActiveCfg = Release|Any CPU
		{FE4BFA86-945E-4EBB-98E4-1E4C66BEF6BC}.Release|Any CPU.Build.0 = Release|Any CPU
		{C89F2149-B81F-4325-A7C0-88A69FB5DF33}.Debug|Any CPU.ActiveCfg = Debug|Any CPU
		{C89F2149-B81F-4325-A7C0-88A69FB5DF33}.Debug|Any CPU.Build.0 = Debug|Any CPU
		{C89F2149-B81F-4325-A7C0-88A69FB5DF33}.Release|Any CPU.ActiveCfg = Release|Any CPU
		{C89F2149-B81F-4325-A7C0-88A69FB5DF33}.Release|Any CPU.Build.0 = Release|Any CPU
	EndGlobalSection
	GlobalSection(SolutionProperties) = preSolution
		HideSolutionNode = FALSE
	EndGlobalSection
EndGlobal
