
Microsoft Visual Studio Solution File, Format Version 12.00
# Visual Studio 2013
VisualStudioVersion = 12.0.21005.1
MinimumVisualStudioVersion = 10.0.40219.1
Project("{FAE04EC0-301F-11D3-BF4B-00C04F79EFBC}") = "1-Indexation", "Indexation\1-Indexation.csproj", "{2E0DFAC0-8EA1-455B-AF16-B4E76D87965D}"
EndProject
Project("{FAE04EC0-301F-11D3-BF4B-00C04F79EFBC}") = "2-UsingStruct", "UsingStruct\2-UsingStruct.csproj", "{090CFDC8-5641-465F-80A5-20F6332CDC86}"
EndProject
Project("{FAE04EC0-301F-11D3-BF4B-00C04F79EFBC}") = "3-Collections", "Collections\3-Collections.csproj", "{E4A37664-5396-41E5-898B-CCFDD545C183}"
EndProject
Project("{FAE04EC0-301F-11D3-BF4B-00C04F79EFBC}") = "4-MyDerriv1", "MyDerriv1\4-MyDerriv1.csproj", "{5C352D99-0C16-4BF2-8110-69BC55FA5FCA}"
EndProject
Project("{FAE04EC0-301F-11D3-BF4B-00C04F79EFBC}") = "5-SelfMade", "SelfMade\5-SelfMade.csproj", "{B12AB2BF-D622-45F0-B1CA-A92B9C7FB7C4}"
EndProject
Global
	GlobalSection(SolutionConfigurationPlatforms) = preSolution
		Debug|Any CPU = Debug|Any CPU
		Release|Any CPU = Release|Any CPU
	EndGlobalSection
	GlobalSection(ProjectConfigurationPlatforms) = postSolution
		{2E0DFAC0-8EA1-455B-AF16-B4E76D87965D}.Debug|Any CPU.ActiveCfg = Debug|Any CPU
		{2E0DFAC0-8EA1-455B-AF16-B4E76D87965D}.Debug|Any CPU.Build.0 = Debug|Any CPU
		{2E0DFAC0-8EA1-455B-AF16-B4E76D87965D}.Release|Any CPU.ActiveCfg = Release|Any CPU
		{2E0DFAC0-8EA1-455B-AF16-B4E76D87965D}.Release|Any CPU.Build.0 = Release|Any CPU
		{090CFDC8-5641-465F-80A5-20F6332CDC86}.Debug|Any CPU.ActiveCfg = Debug|Any CPU
		{090CFDC8-5641-465F-80A5-20F6332CDC86}.Debug|Any CPU.Build.0 = Debug|Any CPU
		{090CFDC8-5641-465F-80A5-20F6332CDC86}.Release|Any CPU.ActiveCfg = Release|Any CPU
		{090CFDC8-5641-465F-80A5-20F6332CDC86}.Release|Any CPU.Build.0 = Release|Any CPU
		{E4A37664-5396-41E5-898B-CCFDD545C183}.Debug|Any CPU.ActiveCfg = Debug|Any CPU
		{E4A37664-5396-41E5-898B-CCFDD545C183}.Debug|Any CPU.Build.0 = Debug|Any CPU
		{E4A37664-5396-41E5-898B-CCFDD545C183}.Release|Any CPU.ActiveCfg = Release|Any CPU
		{E4A37664-5396-41E5-898B-CCFDD545C183}.Release|Any CPU.Build.0 = Release|Any CPU
		{5C352D99-0C16-4BF2-8110-69BC55FA5FCA}.Debug|Any CPU.ActiveCfg = Debug|Any CPU
		{5C352D99-0C16-4BF2-8110-69BC55FA5FCA}.Debug|Any CPU.Build.0 = Debug|Any CPU
		{5C352D99-0C16-4BF2-8110-69BC55FA5FCA}.Release|Any CPU.ActiveCfg = Release|Any CPU
		{5C352D99-0C16-4BF2-8110-69BC55FA5FCA}.Release|Any CPU.Build.0 = Release|Any CPU
		{B12AB2BF-D622-45F0-B1CA-A92B9C7FB7C4}.Debug|Any CPU.ActiveCfg = Debug|Any CPU
		{B12AB2BF-D622-45F0-B1CA-A92B9C7FB7C4}.Debug|Any CPU.Build.0 = Debug|Any CPU
		{B12AB2BF-D622-45F0-B1CA-A92B9C7FB7C4}.Release|Any CPU.ActiveCfg = Release|Any CPU
		{B12AB2BF-D622-45F0-B1CA-A92B9C7FB7C4}.Release|Any CPU.Build.0 = Release|Any CPU
	EndGlobalSection
	GlobalSection(SolutionProperties) = preSolution
		HideSolutionNode = FALSE
	EndGlobalSection
EndGlobal
