
Microsoft Visual Studio Solution File, Format Version 12.00
# Visual Studio 2013
VisualStudioVersion = 12.0.21005.1
MinimumVisualStudioVersion = 10.0.40219.1
Project("{FAE04EC0-301F-11D3-BF4B-00C04F79EFBC}") = "Indexation", "Indexation\Indexation.csproj", "{2E0DFAC0-8EA1-455B-AF16-B4E76D87965D}"
EndProject
Project("{FAE04EC0-301F-11D3-BF4B-00C04F79EFBC}") = "UsingStruct", "UsingStruct\UsingStruct.csproj", "{090CFDC8-5641-465F-80A5-20F6332CDC86}"
EndProject
Project("{FAE04EC0-301F-11D3-BF4B-00C04F79EFBC}") = "Collections", "Collections\Collections.csproj", "{E4A37664-5396-41E5-898B-CCFDD545C183}"
EndProject
Global
	GlobalSection(SolutionConfigurationPlatforms) = preSolution
		Debug|Any CPU = Debug|Any CPU
		Release|Any CPU = Release|Any CPU
	EndGlobalSection
	GlobalSection(ProjectConfigurationPlatforms) = postSolution
		{2E0DFAC0-8EA1-455B-AF16-B4E76D87965D}.Debug|Any CPU.ActiveCfg = Debug|Any CPU
		{2E0DFAC0-8EA1-455B-AF16-B4E76D87965D}.Debug|Any CPU.Build.0 = Debug|Any CPU
		{2E0DFAC0-8EA1-455B-AF16-B4E76D87965D}.Release|Any CPU.ActiveCfg = Release|Any CPU
		{2E0DFAC0-8EA1-455B-AF16-B4E76D87965D}.Release|Any CPU.Build.0 = Release|Any CPU
		{090CFDC8-5641-465F-80A5-20F6332CDC86}.Debug|Any CPU.ActiveCfg = Debug|Any CPU
		{090CFDC8-5641-465F-80A5-20F6332CDC86}.Debug|Any CPU.Build.0 = Debug|Any CPU
		{090CFDC8-5641-465F-80A5-20F6332CDC86}.Release|Any CPU.ActiveCfg = Release|Any CPU
		{090CFDC8-5641-465F-80A5-20F6332CDC86}.Release|Any CPU.Build.0 = Release|Any CPU
		{E4A37664-5396-41E5-898B-CCFDD545C183}.Debug|Any CPU.ActiveCfg = Debug|Any CPU
		{E4A37664-5396-41E5-898B-CCFDD545C183}.Debug|Any CPU.Build.0 = Debug|Any CPU
		{E4A37664-5396-41E5-898B-CCFDD545C183}.Release|Any CPU.ActiveCfg = Release|Any CPU
		{E4A37664-5396-41E5-898B-CCFDD545C183}.Release|Any CPU.Build.0 = Release|Any CPU
	EndGlobalSection
	GlobalSection(SolutionProperties) = preSolution
		HideSolutionNode = FALSE
	EndGlobalSection
EndGlobal
